{
  "originHash" : "030ddc65bca272c92673697affa839b7349f3b1c3ffc65fb1fcaf44880320e5d",
  "pins" : [
    {
      "identity" : "ios-module",
      "kind" : "remoteSourceControl",
      "location" : "https://github.com/lvnvn177/iOS-Module.git",
      "state" : {
        "branch" : "main",
        "revision" : "545b6294016da9839077e77259479942cac9ce10"
      }
    }
  ],
  "version" : 3
}
