{
  "originHash" : "030ddc65bca272c92673697affa839b7349f3b1c3ffc65fb1fcaf44880320e5d",
  "pins" : [
    {
      "identity" : "ios-module",
      "kind" : "remoteSourceControl",
      "location" : "https://github.com/lvnvn177/iOS-Module.git",
      "state" : {
        "branch" : "main",
        "revision" : "92197413474cd3bc0bdc4a68edc7bb2d5361cdfa"
      }
    }
  ],
  "version" : 3
}
